github.com/Azure/go-autorest v9.6.0+incompatible h1:zVPLMxYlnsbhkRokj/jbIi6tOa7NyC2qi8mHqgz2TJY=
github.com/Azure/go-autorest v9.6.0+incompatible/go.mod h1:r+4oMnoxhatjLLJ6zxSWATqVooLgysK6ZNox3g/xq24=
github.com/BurntSushi/toml v0.3.1-0.20170626110600-a368813c5e64 h1:Qe/XfSxGMmeTFfxjzmp7w++HA+ia7Rve7ey/dzDZQNM=
github.com/BurntSushi/toml v0.3.1-0.20170626110600-a368813c5e64/go.mod h1:xHWCNGjB5oqiDr8zfno3MHue2Ht5sIBksp03qcyfWMU=
github.com/PuerkitoBio/purell v1.1.1-0.20170917143911-fd18e053af8a h1:tQhevH/KN0DgXw+4DrSGeqmwBMaaF3QFFNdK5UBZ0Eg=
github.com/PuerkitoBio/purell v1.1.1-0.20170917143911-fd18e053af8a/go.mod h1:c11w/QuzBsJSee3cPx9rAFu61PvFxuPbtSwDGJws/X0=
github.com/PuerkitoBio/urlesc v0.0.0-20170810143723-de5bf2ad4578 h1:d+Bc7a5rLufV/sSk/8dngufqelfh6jnri85riMAaF/M=
github.com/PuerkitoBio/urlesc v0.0.0-20170810143723-de5bf2ad4578/go.mod h1:uGdkoq3SwY9Y+13GIhn11/XLaGBb4BfwItxLd5jeuXE=
github.com/asaskevich/govalidator v0.0.0-20171002085717-ca5f9e638c83 h1:upkzmbMCPOWKIVZ31HqLmhQS6MOkqXyVCG0f3f78RY8=
github.com/asaskevich/govalidator v0.0.0-20171002085717-ca5f9e638c83/go.mod h1:lB+ZfQJz7igIIfQNfa7Ml4HSf2uFQQRzpGGRXenZAgY=
github.com/briandowns/spinner v1.11.1 h1:OixPqDEcX3juo5AjQZAnFPbeUA0jvkp2qzB5gOZJ/L0=
github.com/briandowns/spinner v1.11.1/go.mod h1:QOuQk7x+EaDASo80FEXwlwiA+j/PPIcX3FScO+3/ZPQ=
github.com/cenkalti/backoff v1.1.1-0.20170921171023-61ba96c4d100 h1:uY6SI4VtFVbZ4Q+xZ/5oQyS04PMNJiFTPqTMsrnSrOs=
github.com/cenkalti/backoff v1.1.1-0.20170921171023-61ba96c4d100/go.mod h1:90ReRw6GdpyfrHakVjL/QHaoyV4aDUVVkXQJJJ3NXXM=
github.com/dgrijalva/jwt-go v3.0.0+incompatible h1:nfVqwkkhaRUethVJaQf5TUFdFr3YUF4lJBTf/F2XwVI=
github.com/dgrijalva/jwt-go v3.0.0+incompatible/go.mod h1:E3ru+11k8xSBh+hMPgOLZmtrrCbhqsmaPHjLKYnJCaQ=
github.com/fatih/color v1.5.1-0.20170926111411-5df930a27be2 h1:lSx4zNYRd54K1yU6E/Uak9R4GqTMt7L44QU8aT1W3Go=
github.com/fatih/color v1.5.1-0.20170926111411-5df930a27be2/go.mod h1:Zm6kSWBoL9eyXnKyktHP6abPY2pDugNf5KwzbycvMj4=
github.com/fatih/color v1.7.0 h1:DkWD4oS2D8LGGgTQ6IvwJJXSL5Vp2ffcQg58nFV38Ys=
github.com/fatih/color v1.7.0/go.mod h1:Zm6kSWBoL9eyXnKyktHP6abPY2pDugNf5KwzbycvMj4=
github.com/fhs/go-netrc v1.0.0/go.mod h1:tGgE+SHFQhgo1jg+hG6/uCxBJv5Pnq7pTMjvaEWrOu8=
github.com/github/hub v1.12.4 h1:ZMLV2JbeXTrKnoOT+i3Kerp+fCZb8zJzrrlWSFiTjOo=
github.com/github/hub v2.11.2+incompatible h1:H0wUQmNZVxF2+XyGPTsOxUVrRrFnTq133tezo6u4X4U=
github.com/github/hub v2.11.2+incompatible/go.mod h1:zQrzJEdze2hfWJDgktd/L6sROjAdCThFrzjbxw4keTs=
github.com/go-openapi/analysis v0.0.0-20170813233457-8ed83f2ea9f0 h1:mOiQJ4b70+jOICcb5C6DHYMBBMZyoM9FzOVJpSHXAz8=
github.com/go-openapi/analysis v0.0.0-20170813233457-8ed83f2ea9f0/go.mod h1:k70tL6pCuVxPJOHXQ+wIac1FUrvNkHolPie/cLEU6hI=
github.com/go-openapi/errors v0.0.0-20170426151106-03cfca65330d h1:UuQ3A+LxnsFQQO0vAFQb7QadKRPJgq4PvOh2aeETYzs=
github.com/go-openapi/errors v0.0.0-20170426151106-03cfca65330d/go.mod h1:La0D2x9HoXenv7MDEiAv6vWoe84CXFo0PQRk/jdQlww=
github.com/go-openapi/jsonpointer v0.0.0-20170102174223-779f45308c19 h1:UmnefiS/Yrdfl15NXUA9T51lyQf72tCvWHfOiRLd1+g=
github.com/go-openapi/jsonpointer v0.0.0-20170102174223-779f45308c19/go.mod h1:+35s3my2LFTysnkMfxsJBAMHj/DoqoB9knIWoYG/Vk0=
github.com/go-openapi/jsonreference v0.0.0-20161105162150-36d33bfe519e h1:gbNUNGpVJLxaXBxI7iCHZdg3PwgLOJ9lPQGVINRrC9E=
github.com/go-openapi/jsonreference v0.0.0-20161105162150-36d33bfe519e/go.mod h1:W3Z9FmVs9qj+KR4zFKmDPGiLdk1D9Rlm7cyMvf57TTg=
github.com/go-openapi/loads v0.0.0-20170520182102-a80dea3052f0 h1:hQ+g9KGJTxSzAbocTc8g7JQ5YKxwVtm88mrFFi3KFM0=
github.com/go-openapi/loads v0.0.0-20170520182102-a80dea3052f0/go.mod h1:5qFWh9T8iTbMizjsoC/EHEN3onRy+cfNRw/wV1iX1Og=
github.com/go-openapi/runtime v0.0.0-20171112194752-96511efa8f21 h1:MS5N2FIorAhGh32mulZQ+4Bbm6g8lBOqTS+Ins35Tq4=
github.com/go-openapi/runtime v0.0.0-20171112194752-96511efa8f21/go.mod h1:6v9a6LTXWQCdL8k1AO3cvqx5OtZY/Y9wKTgaoP6YRfA=
github.com/go-openapi/spec v0.0.0-20170928160009-48c2a7185575 h1:zgeV/Kcv7iEVHD4WHQu6CiAnVVr1gMIr3yZIoTMVvXY=
github.com/go-openapi/spec v0.0.0-20170928160009-48c2a7185575/go.mod h1:J8+jY1nAiCcj+friV/PDoE1/3eeccG9LYBs0tYvLOWc=
github.com/go-openapi/strfmt v0.0.0-20170822153411-610b6cacdcde h1:JjlHB2aORlzTnllXXWbqpUsOXzqlSN9cB5NyBLgvVXY=
github.com/go-openapi/strfmt v0.0.0-20170822153411-610b6cacdcde/go.mod h1:/bCWipNKhC9QMhD8HRe2EGbU8G0D4Yvh0G6X4k1Xwvg=
github.com/go-openapi/swag v0.0.0-20170606142751-f3f9494671f9 h1:4Zsyv/tIS5V+22fc4X0ApWuYL+O+0v75qX1R9rpua9U=
github.com/go-openapi/swag v0.0.0-20170606142751-f3f9494671f9/go.mod h1:DXUve3Dpr1UfpPtxFw+EFuQ41HhCWZfha5jSVRG7C7I=
github.com/go-openapi/validate v0.0.0-20170921144055-dc8a684882cf h1:yYk9nwTzT2W9KVmAVfmwD5hcFLTtWPoFQxzXBk7kozc=
github.com/go-openapi/validate v0.0.0-20170921144055-dc8a684882cf/go.mod h1:ve8xoSHgqBUifiKgaVbxLmOE0ckvH0oXfsJcnm6SIz0=
github.com/golang/protobuf v0.0.0-20170816001514-ab9f9a6dab16/go.mod h1:6lQm79b+lXiMfvg/cZm0SGofjICqVBUtrP5yJMmIC1U=
github.com/google/go-github v13.0.1-0.20171027222610-35c06c17eff1+incompatible h1:7u7rehtOojfqEDaOHUAYXXsIuJ8N5l3hcO0PImVbnk8=
github.com/google/go-github v13.0.1-0.20171027222610-35c06c17eff1+incompatible/go.mod h1:zLgOLi98H3fifZn+44m+umXrS52loVEgC2AApnigrVQ=
github.com/google/go-querystring v0.0.0-20170111101155-53e6ce116135 h1:zLTLjkaOFEFIOxY5BWLFLwh+cL8vOBW4XJ2aqLE/Tf0=
github.com/google/go-querystring v0.0.0-20170111101155-53e6ce116135/go.mod h1:odCYkC5MyYFN7vkCjXpyrEuKhc/BUO6wN/zVPAxq5ck=
github.com/inconshreveable/mousetrap v1.0.0/go.mod h1:PxqpIevigyE2G7u3NXJIT2ANytuPF1OarO4DADm73n8=
github.com/jbenet/go-context v0.0.0-20150711004518-d14ea06fba99 h1:BQSFePA1RWJOlocH6Fxy8MmwDt+yVQYULKfN0RoTN8A=
github.com/jbenet/go-context v0.0.0-20150711004518-d14ea06fba99/go.mod h1:1lJo3i6rXxKeerYnT8Nvf0QmHCRC1n8sfWVwXF2Frvo=
github.com/jingweno/go-sawyer v0.0.0-20140729165055-1999ae5763d6/go.mod h1:cp3HFHBb/V8Qd4OUxZ8kz8lhwN3HKkMgKFhyM7H5+q4=
github.com/jtacoma/uritemplates v1.0.0/go.mod h1:IhIICdE9OcvgUnGwTtJxgBQ+VrTrti5PcbLVSJianO8=
github.com/kballard/go-shellquote v0.0.0-20170619183022-cd60e84ee657 h1:vE7J1m7cCpiRVEIr1B5ccDxRpbPsWT5JU3if2Di5nE4=
github.com/kballard/go-shellquote v0.0.0-20170619183022-cd60e84ee657/go.mod h1:CzGEWj7cYgsdH8dAjBGEr58BoE7ScuLd+fwFZ44+/x8=
github.com/mailru/easyjson v0.0.0-20170902151237-2a92e673c9a6 h1:xhfqLjTK1g6iq92WjkfuaN6bC7Aoxb5//G8IfwyMyYA=
github.com/mailru/easyjson v0.0.0-20170902151237-2a92e673c9a6/go.mod h1:C1wdFJiN94OJF2b5HbByQZoLdCWB1Yqtg26g4irojpc=
github.com/mattn/go-colorable v0.0.8-0.20170210172801-5411d3eea597 h1:Zw9aNQ5CQ3SERpCiZrPh4vdWcBWogoEd5m8AFf2QWVs=
github.com/mattn/go-colorable v0.0.8-0.20170210172801-5411d3eea597/go.mod h1:9vuHe8Xs5qXnSaW/c/ABM9alt+Vo+STaOChaDxuIBZU=
github.com/mattn/go-colorable v0.1.2 h1:/bC9yWikZXAL9uJdulbSfyVNIR3n3trXl+v8+1sx8mU=
github.com/mattn/go-colorable v0.1.2/go.mod h1:U0ppj6V5qS13XJ6of8GYAs25YV2eR4EVcfRqFIhoBtE=
github.com/mattn/go-isatty v0.0.2-0.20170307163044-57fdcb988a5c h1:vNDTotKSxm/15mLGhBXjdU6q6Ncrx0HlVEd8ToAsGTw=
github.com/mattn/go-isatty v0.0.2-0.20170307163044-57fdcb988a5c/go.mod h1:M+lRXTBqGeGNdLjl/ufCoiOlB5xdOkqRJdNxMWT7Zi4=
github.com/mattn/go-isatty v0.0.8 h1:HLtExJ+uU2HOZ+wI0Tt5DtUDrx8yhUqDcp7fYERX4CE=
github.com/mattn/go-isatty v0.0.8/go.mod h1:Iq45c/XA43vh69/j3iqttzPXn0bhXyGjM0Hdxcsrc5s=
github.com/mitchellh/go-homedir v0.0.0-20161203194507-b8bc1bf76747 h1:eQox4Rh4ewJF+mqYPxCkmBAirRnPaHEB26UkNuPyjlk=
github.com/mitchellh/go-homedir v0.0.0-20161203194507-b8bc1bf76747/go.mod h1:SfyaCUpYCn1Vlf4IUYiD9fPX4A5wJrkLzIz1N1q0pr0=
github.com/mitchellh/mapstructure v0.0.0-20170125051937-db1efb556f84 h1:rrg06yhhsqEELubsnYWqadxdi0CYJ97s899oUXDIrkY=
github.com/mitchellh/mapstructure v0.0.0-20170125051937-db1efb556f84/go.mod h1:FVVH3fgwuzCH5S8UJGiWEs2h04kUh9fWfEaFds41c1Y=
github.com/netlify/open-api v0.0.4-0.20180609180910-09203f5c1873 h1:i9xEn0H4gK6oieVtk3U8zbhrwUfseRmPpktgBt4sHgY=
github.com/netlify/open-api v0.0.4-0.20180609180910-09203f5c1873/go.mod h1:Xt+TuWFuv0xQhT3dVFONEpwUQewtV38OQVmh/ORKr3k=
github.com/octokit/go-octokit v0.4.1-0.20160312003706-812e91dfbd64/go.mod h1:2u3khcAsOOTW3hlaM3dbJxDdvwHMDGQsC5m7edPSLkg=
github.com/pkg/errors v0.8.1-0.20180311214515-816c9085562c h1:SZvPVPsWE261bl8uxQ6Siq+ExNmYomz4CTU9E0ALgj4=
github.com/pkg/errors v0.8.1-0.20180311214515-816c9085562c/go.mod h1:bwawxfHBFNV+L2hUp1rHADufV3IMtnDRdf1r5NINEl0=
github.com/rsc/goversion v1.0.1-0.20170920182744-b792656d1049 h1:UPUITCs/ieQVWz4zr294sLIYdRS0ASwHxTKFMFjUVGk=
github.com/rsc/goversion v1.0.1-0.20170920182744-b792656d1049/go.mod h1:Tf/O0TQyfRvp7NelXAyfXYRKUO+LX3KNgXc8ALRUv4k=
github.com/sergi/go-diff v0.0.0-20171104090301-2fc9cd33b5f8 h1:Lp6CO9cbz4SOMIhtB2yyIeXGNGvYSZKAeutHHgolmbk=
github.com/sergi/go-diff v0.0.0-20171104090301-2fc9cd33b5f8/go.mod h1:0CfEIISq7TuYL3j771MWULgwwjU+GofnZX9QAmXWZgo=
github.com/sirupsen/logrus v0.11.0 h1:h06b3ntjml1HMhSG58OC8woNjf1Uhjbx1nGB4PoU+FA=
github.com/sirupsen/logrus v0.11.0/go.mod h1:pMByvHTf9Beacp5x1UXfOR9xyW/9antXMhjMPG0dEzc=
github.com/skratchdot/open-golang v0.0.0-20160302144031-75fb7ed4208c h1:fyKiXKO1/I/B6Y2U8T7WdQGWzwehOuGIrljPtt7YTTI=
github.com/skratchdot/open-golang v0.0.0-20160302144031-75fb7ed4208c/go.mod h1:sUM3LWHvSMaG192sy56D9F7CNvL7jUJVXoqM1QKLnog=
github.com/spf13/cobra v0.0.0-20170228191748-fcd0c5a1df88 h1:gtQhsEOuPoLkS8vHv0VGgyonGFFj7vqDH9plPHSdulg=
github.com/spf13/cobra v0.0.0-20170228191748-fcd0c5a1df88/go.mod h1:1l0Ry5zgKvJasoi3XT1TypsSe7PqH0Sj9dhYf7v3XqQ=
github.com/spf13/pflag v0.0.0-20170130214245-9ff6c6923cff h1:VARhShG49tiji6mdRNp7JTNDtJ0FhuprF93GBQ37xGU=
github.com/spf13/pflag v0.0.0-20170130214245-9ff6c6923cff/go.mod h1:DYY7MBk1bdzusC3SYhjObp+wFpr4gzcvqqNjLnInEg4=
github.com/src-d/gcfg v1.3.0 h1:2BEDr8r0I0b8h/fOqwtxCEiq2HJu8n2JGZJQFGXWLjg=
github.com/src-d/gcfg v1.3.0/go.mod h1:p/UMsR43ujA89BJY9duynAwIpvqEujIH/jFlfL7jWoI=
github.com/xanzy/go-gitlab v0.10.6-0.20180606160343-8a20d674959f h1:BDRUz3gRkC7w1lZkvD/7B72j1Og4RA+pBKe4VCDKCRk=
github.com/xanzy/go-gitlab v0.10.6-0.20180606160343-8a20d674959f/go.mod h1:CRKHkvFWNU6C3AEfqLWjnCNnAs4nj8Zk95rX2S3X6Mw=
github.com/xanzy/ssh-agent v0.1.0 h1:lOhdXLxtmYjaHc76ZtNmJWPg948y/RnT+3N3cvKWFzY=
github.com/xanzy/ssh-agent v0.1.0/go.mod h1:0NyE30eGUDliuLEHJgYte/zncp2zdTStcOnWhgSqHD8=
golang.org/x/crypto v0.0.0-20171106163040-687d4b818545 h1:aZtuVMwGePbyT70SaS4+sM4UBm0EeKciOK9K3DBU+/E=
golang.org/x/crypto v0.0.0-20171106163040-687d4b818545/go.mod h1:6SG95UA2DQfeDnfUPMdvaQW0Q7yPrPDi9nlGo2tz2b4=
golang.org/x/net v0.0.0-20170303215036-d379faa25cbd h1:jmQMFWtDxPuJYgzEPuUp6gA5g+tbMA/TFQ/8QwMfCiI=
golang.org/x/net v0.0.0-20170303215036-d379faa25cbd/go.mod h1:mL1N/T3taQHkDXs73rZJwtUhF3w3ftmwwsq0BUmARs4=
golang.org/x/oauth2 v0.0.0-20170807180024-9a379c6b3e95 h1:RS+wSrhdVci7CsPwJaMN8exaP3UTuQU0qB34R/E/JD0=
golang.org/x/oauth2 v0.0.0-20170807180024-9a379c6b3e95/go.mod h1:N/0e6XlmueqKjAGxoOufVs8QHGRruUQn6yWY3a++T0U=
golang.org/x/sys v0.0.0-20171110072704-1e2299c37cc9 h1:LRRcaqNAXmlmNmT+Q2u9z+iEf5+Y+S1Ea9MNwGxOc98=
golang.org/x/sys v0.0.0-20171110072704-1e2299c37cc9/go.mod h1:STP8DvDyc/dI5b8T5hshtkjS+E42TnysNCUPdjciGhY=
golang.org/x/sys v0.0.0-20190222072716-a9d3bda3a223 h1:DH4skfRX4EBpamg7iV4ZlCpblAHI6s6TDM39bFZumv8=
golang.org/x/sys v0.0.0-20190222072716-a9d3bda3a223/go.mod h1:STP8DvDyc/dI5b8T5hshtkjS+E42TnysNCUPdjciGhY=
golang.org/x/text v0.0.0-20170303005346-f28f36722d5e h1:10bEZnZQBMksqYORDgf4iGOVyFOhjNqsfsoFbXltu5E=
golang.org/x/text v0.0.0-20170303005346-f28f36722d5e/go.mod h1:NqM8EUOU14njkJ3fqMW+pc6Ldnwhi/IjpwHt7yyuwOQ=
google.golang.org/appengine v1.0.1-0.20170814190942-d9a072cfa7b9/go.mod h1:EbEs0AVv82hx2wNQdGPgUI5lhzA/G0D9YwlJXL52JkM=
gopkg.in/mgo.v2 v2.0.0-20160818020120-3f83fa500528 h1:/saqWwm73dLmuzbNhe92F0QsZ/KiFND+esHco2v1hiY=
gopkg.in/mgo.v2 v2.0.0-20160818020120-3f83fa500528/go.mod h1:yeKp02qBN3iKW1OzL3MGk2IdtZzaj7SFntXj72NppTA=
gopkg.in/src-d/go-billy.v3 v3.1.0 h1:jQUeZbuaZTRIFkumLzrKPbx1HE2oaSr4bwv//3erGN4=
gopkg.in/src-d/go-billy.v3 v3.1.0/go.mod h1:M8qZfUdoeVaxdZyDBaKp3COPKq3Bn3JZH3ycn7wlfBE=
gopkg.in/src-d/go-git.v4 v4.0.0-rc15 h1:c8p6Nx7Im3Ns3p2Y3cJ8M9HALggj0FpQuf0HMNfzCz8=
gopkg.in/src-d/go-git.v4 v4.0.0-rc15/go.mod h1:CzbUWqMn4pvmvndg3gnh5iZFmSsbhyhUWdI0IQ60AQo=
gopkg.in/warnings.v0 v0.1.1 h1:XM28wIgFzaBmeZ5dNHIpWLQpt/9DGKxk+rCg/22nnYE=
gopkg.in/warnings.v0 v0.1.1/go.mod h1:jksf8JmL6Qr/oQM2OXTHunEvvTAsrWBLb6OOjuVWRNI=
gopkg.in/yaml.v1 v1.0.0-20140924161607-9f9df34309c0/go.mod h1:WDnlLJ4WF5VGsH/HVa3CI79GS0ol3YnhVnKP89i0kNg=
gopkg.in/yaml.v2 v2.0.0-20170208141851-a3f3340b5840 h1:BftvRMCaj0KX6UeD7gnNJv0W8b4HAYTEWes978CoWlY=
gopkg.in/yaml.v2 v2.0.0-20170208141851-a3f3340b5840/go.mod h1:JAlM8MvJe8wmxCU4Bli9HhUf9+ttbYbLASfIpnQbh74=
